
Microsoft Visual Studio Solution File, Format Version 12.00
# Visual Studio 15
VisualStudioVersion = 15.0.28307.329
MinimumVisualStudioVersion = 10.0.40219.1
Project("{FAE04EC0-301F-11D3-BF4B-00C04F79EFBC}") = "Glife", "Glife.csproj", "{A6690C2C-6C81-4E86-BE26-599B13A237A4}"
EndProject
Global
	GlobalSection(SolutionConfigurationPlatforms) = preSolution
		Debug|Any CPU = Debug|Any CPU
		Release|Any CPU = Release|Any CPU
	EndGlobalSection
	GlobalSection(ProjectConfigurationPlatforms) = postSolution
		{A6690C2C-6C81-4E86-BE26-599B13A237A4}.Debug|Any CPU.ActiveCfg = Debug|Any CPU
		{A6690C2C-6C81-4E86-BE26-599B13A237A4}.Debug|Any CPU.Build.0 = Debug|Any CPU
		{A6690C2C-6C81-4E86-BE26-599B13A237A4}.Release|Any CPU.ActiveCfg = Release|Any CPU
		{A6690C2C-6C81-4E86-BE26-599B13A237A4}.Release|Any CPU.Build.0 = Release|Any CPU
	EndGlobalSection
	GlobalSection(SolutionProperties) = preSolution
		HideSolutionNode = FALSE
	EndGlobalSection
	GlobalSection(ExtensibilityGlobals) = postSolution
		SolutionGuid = {39462245-7A7E-4AE5-A733-9CE9709C71C0}
	EndGlobalSection
EndGlobal
